
Microsoft Visual Studio Solution File, Format Version 12.00
# Visual Studio 14
VisualStudioVersion = 14.0.25420.1
MinimumVisualStudioVersion = 10.0.40219.1
Project("{FAE04EC0-301F-11D3-BF4B-00C04F79EFBC}") = "WebApplication1", "WebApplication1\WebApplication1.csproj", "{B73DA528-CCC4-4DA3-94FA-99B346086977}"
EndProject
Project("{FAE04EC0-301F-11D3-BF4B-00C04F79EFBC}") = "WebApplication1.Tests", "WebApplication1.Tests\WebApplication1.Tests.csproj", "{4261C382-AB7A-4603-B282-2B380F0E20C9}"
EndProject
Global
	GlobalSection(SolutionConfigurationPlatforms) = preSolution
		Debug|Any CPU = Debug|Any CPU
		Release|Any CPU = Release|Any CPU
	EndGlobalSection
	GlobalSection(ProjectConfigurationPlatforms) = postSolution
		{B73DA528-CCC4-4DA3-94FA-99B346086977}.Debug|Any CPU.ActiveCfg = Debug|Any CPU
		{B73DA528-CCC4-4DA3-94FA-99B346086977}.Debug|Any CPU.Build.0 = Debug|Any CPU
		{B73DA528-CCC4-4DA3-94FA-99B346086977}.Release|Any CPU.ActiveCfg = Release|Any CPU
		{B73DA528-CCC4-4DA3-94FA-99B346086977}.Release|Any CPU.Build.0 = Release|Any CPU
		{4261C382-AB7A-4603-B282-2B380F0E20C9}.Debug|Any CPU.ActiveCfg = Debug|Any CPU
		{4261C382-AB7A-4603-B282-2B380F0E20C9}.Debug|Any CPU.Build.0 = Debug|Any CPU
		{4261C382-AB7A-4603-B282-2B380F0E20C9}.Release|Any CPU.ActiveCfg = Release|Any CPU
		{4261C382-AB7A-4603-B282-2B380F0E20C9}.Release|Any CPU.Build.0 = Release|Any CPU
	EndGlobalSection
	GlobalSection(SolutionProperties) = preSolution
		HideSolutionNode = FALSE
	EndGlobalSection
EndGlobal
